
Microsoft Visual Studio Solution File, Format Version 12.00
# Visual Studio Version 17
VisualStudioVersion = 17.0.31912.275
MinimumVisualStudioVersion = 10.0.40219.1
Project("{9A19103F-16F7-4668-BE54-9A1E7A4F7556}") = "Paylocity", "Paylocity\Paylocity.csproj", "{20E2DEA2-B403-4CB7-882D-6DB8EE897B39}"
EndProject
Project("{FAE04EC0-301F-11D3-BF4B-00C04F79EFBC}") = "App", "App\App.csproj", "{687BE9A5-CFB4-4028-BB58-B554033D70CA}"
EndProject
Project("{FAE04EC0-301F-11D3-BF4B-00C04F79EFBC}") = "WebApiTests", "WebApiTests\WebApiTests.csproj", "{4010C160-4DE3-4D09-9544-D2B3A891974E}"
EndProject
Global
	GlobalSection(SolutionConfigurationPlatforms) = preSolution
		Debug|Any CPU = Debug|Any CPU
		Release|Any CPU = Release|Any CPU
	EndGlobalSection
	GlobalSection(ProjectConfigurationPlatforms) = postSolution
		{20E2DEA2-B403-4CB7-882D-6DB8EE897B39}.Debug|Any CPU.ActiveCfg = Debug|Any CPU
		{20E2DEA2-B403-4CB7-882D-6DB8EE897B39}.Debug|Any CPU.Build.0 = Debug|Any CPU
		{20E2DEA2-B403-4CB7-882D-6DB8EE897B39}.Release|Any CPU.ActiveCfg = Release|Any CPU
		{20E2DEA2-B403-4CB7-882D-6DB8EE897B39}.Release|Any CPU.Build.0 = Release|Any CPU
		{687BE9A5-CFB4-4028-BB58-B554033D70CA}.Debug|Any CPU.ActiveCfg = Debug|Any CPU
		{687BE9A5-CFB4-4028-BB58-B554033D70CA}.Debug|Any CPU.Build.0 = Debug|Any CPU
		{687BE9A5-CFB4-4028-BB58-B554033D70CA}.Release|Any CPU.ActiveCfg = Release|Any CPU
		{687BE9A5-CFB4-4028-BB58-B554033D70CA}.Release|Any CPU.Build.0 = Release|Any CPU
		{4010C160-4DE3-4D09-9544-D2B3A891974E}.Debug|Any CPU.ActiveCfg = Debug|Any CPU
		{4010C160-4DE3-4D09-9544-D2B3A891974E}.Debug|Any CPU.Build.0 = Debug|Any CPU
		{4010C160-4DE3-4D09-9544-D2B3A891974E}.Release|Any CPU.ActiveCfg = Release|Any CPU
		{4010C160-4DE3-4D09-9544-D2B3A891974E}.Release|Any CPU.Build.0 = Release|Any CPU
	EndGlobalSection
	GlobalSection(SolutionProperties) = preSolution
		HideSolutionNode = FALSE
	EndGlobalSection
	GlobalSection(ExtensibilityGlobals) = postSolution
		SolutionGuid = {6C1A088C-1815-4D4E-BCEC-269F1A84F857}
	EndGlobalSection
EndGlobal
